// !$*UTF8*$!
{
	archiveVersion = 1;
	classes = {
	};
	objectVersion = 56;
	objects = {

/* Begin PBXBuildFile section */
		434957F12C43B3390097D35A /* Courses.storyboard in Resources */ = {isa = PBXBuildFile; fileRef = 434957F02C43B3390097D35A /* Courses.storyboard */; };
		434957F32C43B34D0097D35A /* Hygiene.storyboard in Resources */ = {isa = PBXBuildFile; fileRef = 434957F22C43B34D0097D35A /* Hygiene.storyboard */; };
		434957F72C43B3700097D35A /* Training.storyboard in Resources */ = {isa = PBXBuildFile; fileRef = 434957F62C43B3700097D35A /* Training.storyboard */; };
		434957F92C43B37C0097D35A /* Chat.storyboard in Resources */ = {isa = PBXBuildFile; fileRef = 434957F82C43B37C0097D35A /* Chat.storyboard */; };
		9430E3972C3F8857008083B1 /* AppDelegate.swift in Sources */ = {isa = PBXBuildFile; fileRef = 9430E3962C3F8857008083B1 /* AppDelegate.swift */; };
		9430E3992C3F8857008083B1 /* SceneDelegate.swift in Sources */ = {isa = PBXBuildFile; fileRef = 9430E3982C3F8857008083B1 /* SceneDelegate.swift */; };
		9430E39B2C3F8857008083B1 /* ViewController.swift in Sources */ = {isa = PBXBuildFile; fileRef = 9430E39A2C3F8857008083B1 /* ViewController.swift */; };
		9430E39E2C3F8857008083B1 /* Base in Resources */ = {isa = PBXBuildFile; fileRef = 9430E39D2C3F8857008083B1 /* Base */; };
		9430E3A02C3F8858008083B1 /* Assets.xcassets in Resources */ = {isa = PBXBuildFile; fileRef = 9430E39F2C3F8858008083B1 /* Assets.xcassets */; };
		9430E3A32C3F8858008083B1 /* Base in Resources */ = {isa = PBXBuildFile; fileRef = 9430E3A22C3F8858008083B1 /* Base */; };
/* End PBXBuildFile section */

/* Begin PBXFileReference section */
		434957F02C43B3390097D35A /* Courses.storyboard */ = {isa = PBXFileReference; lastKnownFileType = file.storyboard; name = Courses.storyboard; path = ../Courses.storyboard; sourceTree = "<group>"; };
		434957F22C43B34D0097D35A /* Hygiene.storyboard */ = {isa = PBXFileReference; lastKnownFileType = file.storyboard; path = Hygiene.storyboard; sourceTree = "<group>"; };
		434957F62C43B3700097D35A /* Training.storyboard */ = {isa = PBXFileReference; lastKnownFileType = file.storyboard; path = Training.storyboard; sourceTree = "<group>"; };
		434957F82C43B37C0097D35A /* Chat.storyboard */ = {isa = PBXFileReference; lastKnownFileType = file.storyboard; path = Chat.storyboard; sourceTree = "<group>"; };
		9430E3932C3F8857008083B1 /* T4T.app */ = {isa = PBXFileReference; explicitFileType = wrapper.application; includeInIndex = 0; path = T4T.app; sourceTree = BUILT_PRODUCTS_DIR; };
		9430E3962C3F8857008083B1 /* AppDelegate.swift */ = {isa = PBXFileReference; lastKnownFileType = sourcecode.swift; path = AppDelegate.swift; sourceTree = "<group>"; };
		9430E3982C3F8857008083B1 /* SceneDelegate.swift */ = {isa = PBXFileReference; lastKnownFileType = sourcecode.swift; path = SceneDelegate.swift; sourceTree = "<group>"; };
		9430E39A2C3F8857008083B1 /* ViewController.swift */ = {isa = PBXFileReference; lastKnownFileType = sourcecode.swift; path = ViewController.swift; sourceTree = "<group>"; };
		9430E39D2C3F8857008083B1 /* Base */ = {isa = PBXFileReference; lastKnownFileType = file.storyboard; name = Base; path = Base.lproj/Main.storyboard; sourceTree = "<group>"; };
		9430E39F2C3F8858008083B1 /* Assets.xcassets */ = {isa = PBXFileReference; lastKnownFileType = folder.assetcatalog; path = Assets.xcassets; sourceTree = "<group>"; };
		9430E3A22C3F8858008083B1 /* Base */ = {isa = PBXFileReference; lastKnownFileType = file.storyboard; name = Base; path = Base.lproj/LaunchScreen.storyboard; sourceTree = "<group>"; };
		9430E3A42C3F8858008083B1 /* Info.plist */ = {isa = PBXFileReference; lastKnownFileType = text.plist.xml; path = Info.plist; sourceTree = "<group>"; };
/* End PBXFileReference section */

/* Begin PBXFrameworksBuildPhase section */
		9430E3902C3F8857008083B1 /* Frameworks */ = {
			isa = PBXFrameworksBuildPhase;
			buildActionMask = 2147483647;
			files = (
			);
			runOnlyForDeploymentPostprocessing = 0;
		};
/* End PBXFrameworksBuildPhase section */

/* Begin PBXGroup section */
		9430E38A2C3F8857008083B1 = {
			isa = PBXGroup;
			children = (
				9430E3952C3F8857008083B1 /* T4T */,
				9430E3942C3F8857008083B1 /* Products */,
			);
			sourceTree = "<group>";
		};
		9430E3942C3F8857008083B1 /* Products */ = {
			isa = PBXGroup;
			children = (
				9430E3932C3F8857008083B1 /* T4T.app */,
			);
			name = Products;
			sourceTree = "<group>";
		};
		9430E3952C3F8857008083B1 /* T4T */ = {
			isa = PBXGroup;
			children = (
				9430E3962C3F8857008083B1 /* AppDelegate.swift */,
				9430E3982C3F8857008083B1 /* SceneDelegate.swift */,
				9430E39A2C3F8857008083B1 /* ViewController.swift */,
				9430E39C2C3F8857008083B1 /* Main.storyboard */,
				9430E39F2C3F8858008083B1 /* Assets.xcassets */,
				9430E3A12C3F8858008083B1 /* LaunchScreen.storyboard */,
				9430E3A42C3F8858008083B1 /* Info.plist */,
				434957F02C43B3390097D35A /* Courses.storyboard */,
				434957F22C43B34D0097D35A /* Hygiene.storyboard */,
				434957F62C43B3700097D35A /* Training.storyboard */,
				434957F82C43B37C0097D35A /* Chat.storyboard */,
			);
			path = T4T;
			sourceTree = "<group>";
		};
/* End PBXGroup section */

/* Begin PBXNativeTarget section */
		9430E3922C3F8857008083B1 /* T4T */ = {
			isa = PBXNativeTarget;
			buildConfigurationList = 9430E3A72C3F8858008083B1 /* Build configuration list for PBXNativeTarget "T4T" */;
			buildPhases = (
				9430E38F2C3F8857008083B1 /* Sources */,
				9430E3902C3F8857008083B1 /* Frameworks */,
				9430E3912C3F8857008083B1 /* Resources */,
			);
			buildRules = (
			);
			dependencies = (
			);
			name = T4T;
			productName = T4T;
			productReference = 9430E3932C3F8857008083B1 /* T4T.app */;
			productType = "com.apple.product-type.application";
		};
/* End PBXNativeTarget section */

/* Begin PBXProject section */
		9430E38B2C3F8857008083B1 /* Project object */ = {
			isa = PBXProject;
			attributes = {
				BuildIndependentTargetsInParallel = 1;
				LastSwiftUpdateCheck = 1540;
				LastUpgradeCheck = 1540;
				TargetAttributes = {
					9430E3922C3F8857008083B1 = {
						CreatedOnToolsVersion = 15.4;
					};
				};
			};
			buildConfigurationList = 9430E38E2C3F8857008083B1 /* Build configuration list for PBXProject "T4T" */;
			compatibilityVersion = "Xcode 14.0";
			developmentRegion = en;
			hasScannedForEncodings = 0;
			knownRegions = (
				en,
				Base,
			);
			mainGroup = 9430E38A2C3F8857008083B1;
			productRefGroup = 9430E3942C3F8857008083B1 /* Products */;
			projectDirPath = "";
			projectRoot = "";
			targets = (
				9430E3922C3F8857008083B1 /* T4T */,
			);
		};
/* End PBXProject section */

/* Begin PBXResourcesBuildPhase section */
		9430E3912C3F8857008083B1 /* Resources */ = {
			isa = PBXResourcesBuildPhase;
			buildActionMask = 2147483647;
			files = (
				434957F72C43B3700097D35A /* Training.storyboard in Resources */,
				9430E3A02C3F8858008083B1 /* Assets.xcassets in Resources */,
				434957F12C43B3390097D35A /* Courses.storyboard in Resources */,
				9430E3A32C3F8858008083B1 /* Base in Resources */,
				9430E39E2C3F8857008083B1 /* Base in Resources */,
				434957F92C43B37C0097D35A /* Chat.storyboard in Resources */,
				434957F32C43B34D0097D35A /* Hygiene.storyboard in Resources */,
			);
			runOnlyForDeploymentPostprocessing = 0;
		};
/* End PBXResourcesBuildPhase section */

/* Begin PBXSourcesBuildPhase section */
		9430E38F2C3F8857008083B1 /* Sources */ = {
			isa = PBXSourcesBuildPhase;
			buildActionMask = 2147483647;
			files = (
				9430E39B2C3F8857008083B1 /* ViewController.swift in Sources */,
				9430E3972C3F8857008083B1 /* AppDelegate.swift in Sources */,
				9430E3992C3F8857008083B1 /* SceneDelegate.swift in Sources */,
			);
			runOnlyForDeploymentPostprocessing = 0;
		};
/* End PBXSourcesBuildPhase section */

/* Begin PBXVariantGroup section */
		9430E39C2C3F8857008083B1 /* Main.storyboard */ = {
			isa = PBXVariantGroup;
			children = (
				9430E39D2C3F8857008083B1 /* Base */,
			);
			name = Main.storyboard;
			sourceTree = "<group>";
		};
		9430E3A12C3F8858008083B1 /* LaunchScreen.storyboard */ = {
			isa = PBXVariantGroup;
			children = (
				9430E3A22C3F8858008083B1 /* Base */,
			);
			name = LaunchScreen.storyboard;
			sourceTree = "<group>";
		};
/* End PBXVariantGroup section */

/* Begin XCBuildConfiguration section */
		9430E3A52C3F8858008083B1 /* Debug */ = {
			isa = XCBuildConfiguration;
			buildSettings = {
				ALWAYS_SEARCH_USER_PATHS = NO;
				ASSETCATALOG_COMPILER_GENERATE_SWIFT_ASSET_SYMBOL_EXTENSIONS = YES;
				CLANG_ANALYZER_NONNULL = YES;
				CLANG_ANALYZER_NUMBER_OBJECT_CONVERSION = YES_AGGRESSIVE;
				CLANG_CXX_LANGUAGE_STANDARD = "gnu++20";
				CLANG_ENABLE_MODULES = YES;
				CLANG_ENABLE_OBJC_ARC = YES;
				CLANG_ENABLE_OBJC_WEAK = YES;
				CLANG_WARN_BLOCK_CAPTURE_AUTORELEASING = YES;
				CLANG_WARN_BOOL_CONVERSION = YES;
				CLANG_WARN_COMMA = YES;
				CLANG_WARN_CONSTANT_CONVERSION = YES;
				CLANG_WARN_DEPRECATED_OBJC_IMPLEMENTATIONS = YES;
				CLANG_WARN_DIRECT_OBJC_ISA_USAGE = YES_ERROR;
				CLANG_WARN_DOCUMENTATION_COMMENTS = YES;
				CLANG_WARN_EMPTY_BODY = YES;
				CLANG_WARN_ENUM_CONVERSION = YES;
				CLANG_WARN_INFINITE_RECURSION = YES;
				CLANG_WARN_INT_CONVERSION = YES;
				CLANG_WARN_NON_LITERAL_NULL_CONVERSION = YES;
				CLANG_WARN_OBJC_IMPLICIT_RETAIN_SELF = YES;
				CLANG_WARN_OBJC_LITERAL_CONVERSION = YES;
				CLANG_WARN_OBJC_ROOT_CLASS = YES_ERROR;
				CLANG_WARN_QUOTED_INCLUDE_IN_FRAMEWORK_HEADER = YES;
				CLANG_WARN_RANGE_LOOP_ANALYSIS = YES;
				CLANG_WARN_STRICT_PROTOTYPES = YES;
				CLANG_WARN_SUSPICIOUS_MOVE = YES;
				CLANG_WARN_UNGUARDED_AVAILABILITY = YES_AGGRESSIVE;
				CLANG_WARN_UNREACHABLE_CODE = YES;
				CLANG_WARN__DUPLICATE_METHOD_MATCH = YES;
				COPY_PHASE_STRIP = NO;
				DEBUG_INFORMATION_FORMAT = dwarf;
				ENABLE_STRICT_OBJC_MSGSEND = YES;
				ENABLE_TESTABILITY = YES;
				ENABLE_USER_SCRIPT_SANDBOXING = YES;
				GCC_C_LANGUAGE_STANDARD = gnu17;
				GCC_DYNAMIC_NO_PIC = NO;
				GCC_NO_COMMON_BLOCKS = YES;
				GCC_OPTIMIZATION_LEVEL = 0;
				GCC_PREPROCESSOR_DEFINITIONS = (
					"DEBUG=1",
					"$(inherited)",
				);
				GCC_WARN_64_TO_32_BIT_CONVERSION = YES;
				GCC_WARN_ABOUT_RETURN_TYPE = YES_ERROR;
				GCC_WARN_UNDECLARED_SELECTOR = YES;
				GCC_WARN_UNINITIALIZED_AUTOS = YES_AGGRESSIVE;
				GCC_WARN_UNUSED_FUNCTION = YES;
				GCC_WARN_UNUSED_VARIABLE = YES;
				IPHONEOS_DEPLOYMENT_TARGET = 17.5;
				LOCALIZATION_PREFERS_STRING_CATALOGS = YES;
				MTL_ENABLE_DEBUG_INFO = INCLUDE_SOURCE;
				MTL_FAST_MATH = YES;
				ONLY_ACTIVE_ARCH = YES;
				SDKROOT = iphoneos;
				SWIFT_ACTIVE_COMPILATION_CONDITIONS = "DEBUG $(inherited)";
				SWIFT_OPTIMIZATION_LEVEL = "-Onone";
			};
			name = Debug;
		};
		9430E3A62C3F8858008083B1 /* Release */ = {
			isa = XCBuildConfiguration;
			buildSettings = {
				ALWAYS_SEARCH_USER_PATHS = NO;
				ASSETCATALOG_COMPILER_GENERATE_SWIFT_ASSET_SYMBOL_EXTENSIONS = YES;
				CLANG_ANALYZER_NONNULL = YES;
				CLANG_ANALYZER_NUMBER_OBJECT_CONVERSION = YES_AGGRESSIVE;
				CLANG_CXX_LANGUAGE_STANDARD = "gnu++20";
				CLANG_ENABLE_MODULES = YES;
				CLANG_ENABLE_OBJC_ARC = YES;
				CLANG_ENABLE_OBJC_WEAK = YES;
				CLANG_WARN_BLOCK_CAPTURE_AUTORELEASING = YES;
				CLANG_WARN_BOOL_CONVERSION = YES;
				CLANG_WARN_COMMA = YES;
				CLANG_WARN_CONSTANT_CONVERSION = YES;
				CLANG_WARN_DEPRECATED_OBJC_IMPLEMENTATIONS = YES;
				CLANG_WARN_DIRECT_OBJC_ISA_USAGE = YES_ERROR;
				CLANG_WARN_DOCUMENTATION_COMMENTS = YES;
				CLANG_WARN_EMPTY_BODY = YES;
				CLANG_WARN_ENUM_CONVERSION = YES;
				CLANG_WARN_INFINITE_RECURSION = YES;
				CLANG_WARN_INT_CONVERSION = YES;
				CLANG_WARN_NON_LITERAL_NULL_CONVERSION = YES;
				CLANG_WARN_OBJC_IMPLICIT_RETAIN_SELF = YES;
				CLANG_WARN_OBJC_LITERAL_CONVERSION = YES;
				CLANG_WARN_OBJC_ROOT_CLASS = YES_ERROR;
				CLANG_WARN_QUOTED_INCLUDE_IN_FRAMEWORK_HEADER = YES;
				CLANG_WARN_RANGE_LOOP_ANALYSIS = YES;
				CLANG_WARN_STRICT_PROTOTYPES = YES;
				CLANG_WARN_SUSPICIOUS_MOVE = YES;
				CLANG_WARN_UNGUARDED_AVAILABILITY = YES_AGGRESSIVE;
				CLANG_WARN_UNREACHABLE_CODE = YES;
				CLANG_WARN__DUPLICATE_METHOD_MATCH = YES;
				COPY_PHASE_STRIP = NO;
				DEBUG_INFORMATION_FORMAT = "dwarf-with-dsym";
				ENABLE_NS_ASSERTIONS = NO;
				ENABLE_STRICT_OBJC_MSGSEND = YES;
				ENABLE_USER_SCRIPT_SANDBOXING = YES;
				GCC_C_LANGUAGE_STANDARD = gnu17;
				GCC_NO_COMMON_BLOCKS = YES;
				GCC_WARN_64_TO_32_BIT_CONVERSION = YES;
				GCC_WARN_ABOUT_RETURN_TYPE = YES_ERROR;
				GCC_WARN_UNDECLARED_SELECTOR = YES;
				GCC_WARN_UNINITIALIZED_AUTOS = YES_AGGRESSIVE;
				GCC_WARN_UNUSED_FUNCTION = YES;
				GCC_WARN_UNUSED_VARIABLE = YES;
				IPHONEOS_DEPLOYMENT_TARGET = 17.5;
				LOCALIZATION_PREFERS_STRING_CATALOGS = YES;
				MTL_ENABLE_DEBUG_INFO = NO;
				MTL_FAST_MATH = YES;
				SDKROOT = iphoneos;
				SWIFT_COMPILATION_MODE = wholemodule;
				VALIDATE_PRODUCT = YES;
			};
			name = Release;
		};
		9430E3A82C3F8858008083B1 /* Debug */ = {
			isa = XCBuildConfiguration;
			buildSettings = {
				ASSETCATALOG_COMPILER_APPICON_NAME = AppIcon;
				ASSETCATALOG_COMPILER_GLOBAL_ACCENT_COLOR_NAME = AccentColor;
				CODE_SIGN_IDENTITY = "Apple Development";
				CODE_SIGN_STYLE = Automatic;
				CURRENT_PROJECT_VERSION = 1;
				DEVELOPMENT_TEAM = ZSPDLYMB7C;
				GENERATE_INFOPLIST_FILE = YES;
				INFOPLIST_FILE = T4T/Info.plist;
				INFOPLIST_KEY_UIApplicationSupportsIndirectInputEvents = YES;
				INFOPLIST_KEY_UILaunchStoryboardName = LaunchScreen;
				INFOPLIST_KEY_UIMainStoryboardFile = Main;
				INFOPLIST_KEY_UISupportedInterfaceOrientations_iPad = "UIInterfaceOrientationPortrait UIInterfaceOrientationPortraitUpsideDown UIInterfaceOrientationLandscapeLeft UIInterfaceOrientationLandscapeRight";
				INFOPLIST_KEY_UISupportedInterfaceOrientations_iPhone = "UIInterfaceOrientationPortrait UIInterfaceOrientationLandscapeLeft UIInterfaceOrientationLandscapeRight";
				LD_RUNPATH_SEARCH_PATHS = (
					"$(inherited)",
					"@executable_path/Frameworks",
				);
				MARKETING_VERSION = 1.0;
				PRODUCT_BUNDLE_IDENTIFIER = com.christianstiker.T4T;
				PRODUCT_NAME = "$(TARGET_NAME)";
				PROVISIONING_PROFILE_SPECIFIER = "";
				SWIFT_EMIT_LOC_STRINGS = YES;
				SWIFT_VERSION = 5.0;
				TARGETED_DEVICE_FAMILY = "1,2";
			};
			name = Debug;
		};
		9430E3A92C3F8858008083B1 /* Release */ = {
			isa = XCBuildConfiguration;
			buildSettings = {
				ASSETCATALOG_COMPILER_APPICON_NAME = AppIcon;
				ASSETCATALOG_COMPILER_GLOBAL_ACCENT_COLOR_NAME = AccentColor;
				CODE_SIGN_IDENTITY = "Apple Development";
				CODE_SIGN_STYLE = Automatic;
				CURRENT_PROJECT_VERSION = 1;
				DEVELOPMENT_TEAM = ZSPDLYMB7C;
				GENERATE_INFOPLIST_FILE = YES;
				INFOPLIST_FILE = T4T/Info.plist;
				INFOPLIST_KEY_UIApplicationSupportsIndirectInputEvents = YES;
				INFOPLIST_KEY_UILaunchStoryboardName = LaunchScreen;
				INFOPLIST_KEY_UIMainStoryboardFile = Main;
				INFOPLIST_KEY_UISupportedInterfaceOrientations_iPad = "UIInterfaceOrientationPortrait UIInterfaceOrientationPortraitUpsideDown UIInterfaceOrientationLandscapeLeft UIInterfaceOrientationLandscapeRight";
				INFOPLIST_KEY_UISupportedInterfaceOrientations_iPhone = "UIInterfaceOrientationPortrait UIInterfaceOrientationLandscapeLeft UIInterfaceOrientationLandscapeRight";
				LD_RUNPATH_SEARCH_PATHS = (
					"$(inherited)",
					"@executable_path/Frameworks",
				);
				MARKETING_VERSION = 1.0;
				PRODUCT_BUNDLE_IDENTIFIER = com.christianstiker.T4T;
				PRODUCT_NAME = "$(TARGET_NAME)";
				PROVISIONING_PROFILE_SPECIFIER = "";
				SWIFT_EMIT_LOC_STRINGS = YES;
				SWIFT_VERSION = 5.0;
				TARGETED_DEVICE_FAMILY = "1,2";
			};
			name = Release;
		};
/* End XCBuildConfiguration section */

/* Begin XCConfigurationList section */
		9430E38E2C3F8857008083B1 /* Build configuration list for PBXProject "T4T" */ = {
			isa = XCConfigurationList;
			buildConfigurations = (
				9430E3A52C3F8858008083B1 /* Debug */,
				9430E3A62C3F8858008083B1 /* Release */,
			);
			defaultConfigurationIsVisible = 0;
			defaultConfigurationName = Release;
		};
		9430E3A72C3F8858008083B1 /* Build configuration list for PBXNativeTarget "T4T" */ = {
			isa = XCConfigurationList;
			buildConfigurations = (
				9430E3A82C3F8858008083B1 /* Debug */,
				9430E3A92C3F8858008083B1 /* Release */,
			);
			defaultConfigurationIsVisible = 0;
			defaultConfigurationName = Release;
		};
/* End XCConfigurationList section */
	};
	rootObject = 9430E38B2C3F8857008083B1 /* Project object */;
}
